
Microsoft Visual Studio Solution File, Format Version 12.00
# Visual Studio 15
VisualStudioVersion = 15.0.27428.2037
MinimumVisualStudioVersion = 10.0.40219.1
Project("{FAE04EC0-301F-11D3-BF4B-00C04F79EFBC}") = "Cliente.Service", "Cliente.Service\Cliente.Service.csproj", "{971C2650-CAA6-4C81-B0BE-5FC8525E24DD}"
EndProject
Project("{FAE04EC0-301F-11D3-BF4B-00C04F79EFBC}") = "ClientMVC", "ClientMVC\ClientMVC.csproj", "{634738E6-28B4-4E8F-BBDE-5CC4CF8148E6}"
EndProject
Global
	GlobalSection(SolutionConfigurationPlatforms) = preSolution
		Debug|Any CPU = Debug|Any CPU
		Release|Any CPU = Release|Any CPU
	EndGlobalSection
	GlobalSection(ProjectConfigurationPlatforms) = postSolution
		{971C2650-CAA6-4C81-B0BE-5FC8525E24DD}.Debug|Any CPU.ActiveCfg = Debug|Any CPU
		{971C2650-CAA6-4C81-B0BE-5FC8525E24DD}.Debug|Any CPU.Build.0 = Debug|Any CPU
		{971C2650-CAA6-4C81-B0BE-5FC8525E24DD}.Release|Any CPU.ActiveCfg = Release|Any CPU
		{971C2650-CAA6-4C81-B0BE-5FC8525E24DD}.Release|Any CPU.Build.0 = Release|Any CPU
		{634738E6-28B4-4E8F-BBDE-5CC4CF8148E6}.Debug|Any CPU.ActiveCfg = Debug|Any CPU
		{634738E6-28B4-4E8F-BBDE-5CC4CF8148E6}.Debug|Any CPU.Build.0 = Debug|Any CPU
		{634738E6-28B4-4E8F-BBDE-5CC4CF8148E6}.Release|Any CPU.ActiveCfg = Release|Any CPU
		{634738E6-28B4-4E8F-BBDE-5CC4CF8148E6}.Release|Any CPU.Build.0 = Release|Any CPU
	EndGlobalSection
	GlobalSection(SolutionProperties) = preSolution
		HideSolutionNode = FALSE
	EndGlobalSection
	GlobalSection(ExtensibilityGlobals) = postSolution
		SolutionGuid = {A0978484-1F7B-404D-8812-D583F09018F3}
	EndGlobalSection
EndGlobal
